<?xml version="1.0" encoding="utf-8"?>
<Project ToolsVersion="4.0" xmlns="http://schemas.microsoft.com/developer/msbuild/2003">
  <ItemGroup>
    <Filter Include="Source Files">
      <UniqueIdentifier>{4FC737F1-C7A5-4376-A066-2A32D752A2FF}</UniqueIdentifier>
      <Extensions>cpp;c;cc;cxx;c++;def;odl;idl;hpj;bat;asm;asmx</Extensions>
    </Filter>
    <Filter Include="Header Files">
      <UniqueIdentifier>{93995380-89BD-4b04-88EB-625FBE52EBFB}</UniqueIdentifier>
      <Extensions>h;hh;hpp;hxx;h++;hm;inl;inc;ipp;xsd</Extensions>
    </Filter>
    <Filter Include="Resource Files">
      <UniqueIdentifier>{67DA6AB6-F800-4c08-8B7A-83BB121AAD01}</UniqueIdentifier>
      <Extensions>rc;ico;cur;bmp;dlg;rc2;rct;bin;rgs;gif;jpg;jpeg;jpe;resx;tiff;tif;png;wav;mfcribbon-ms</Extensions>
    </Filter>
  </ItemGroup>
  <ItemGroup>
    <ClCompile Include="skinDetector.cpp">
      <Filter>Source Files</Filter>
    </ClCompile>
    <ClCompile Include="rBCG_trial.cpp">
      <Filter>Source Files</Filter>
    </ClCompile>
    <ClCompile Include="..\..\..\..\Downloads\dlib-19.21\dlib\all\source.cpp">
      <Filter>Source Files</Filter>
    </ClCompile>
    <ClCompile Include="rBCG_basics.cpp">
      <Filter>Source Files</Filter>
    </ClCompile>
    <ClCompile Include="opticalFlow.cpp">
      <Filter>Source Files</Filter>
    </ClCompile>
    <ClCompile Include="rBCG_pointForm.cpp">
      <Filter>Source Files</Filter>
    </ClCompile>
    <ClCompile Include="queueFrames.cpp">
      <Filter>Source Files</Filter>
    </ClCompile>
    <ClCompile Include="spatialRotation.cpp">
      <Filter>Source Files</Filter>
    </ClCompile>
    <ClCompile Include="spatialRotation_fixing.cpp">
      <Filter>Source Files</Filter>
    </ClCompile>
    <ClCompile Include="preRecordingBCG.cpp">
      <Filter>Source Files</Filter>
    </ClCompile>
    <ClCompile Include="readVideoRBCG.cpp">
      <Filter>Source Files</Filter>
    </ClCompile>
    <ClCompile Include="compute_fft.cpp">
      <Filter>Source Files</Filter>
    </ClCompile>
    <ClCompile Include="spatialRotation_FFT.cpp">
      <Filter>Source Files</Filter>
    </ClCompile>
    <ClCompile Include="filtering_in_c.cpp">
      <Filter>Source Files</Filter>
    </ClCompile>
    <ClCompile Include="live_rPPG.cpp">
      <Filter>Source Files</Filter>
    </ClCompile>
    <ClCompile Include="fixedCoeff_Filter.cpp">
      <Filter>Source Files</Filter>
    </ClCompile>
    <ClCompile Include="skinDetectionv2.cpp">
      <Filter>Source Files</Filter>
    </ClCompile>
    <ClCompile Include="livePlot_rPPG.cpp">
      <Filter>Source Files</Filter>
    </ClCompile>
    <ClCompile Include="live_rBCG.cpp">
      <Filter>Source Files</Filter>
    </ClCompile>
    <ClCompile Include="liveplot_rBCG.cpp">
      <Filter>Source Files</Filter>
    </ClCompile>
    <ClCompile Include="combinedSolution.cpp">
      <Filter>Source Files</Filter>
    </ClCompile>
    <ClCompile Include="parallelSolution.cpp">
      <Filter>Source Files</Filter>
    </ClCompile>
  </ItemGroup>
  <ItemGroup>
    <ClInclude Include="..\..\..\..\Documents\OpenCV\sources\modules\objdetect\include\opencv2\objdetect.hpp">
      <Filter>Header Files</Filter>
    </ClInclude>
    <ClInclude Include="opencv_helper.h">
      <Filter>Header Files</Filter>
    </ClInclude>
  </ItemGroup>
  <ItemGroup>
    <None Include="shape_predictor_68_face_landmarks.dat" />
  </ItemGroup>
  <ItemGroup>
    <Media Include="testing_videos\default.mp4" />
    <Media Include="testing_videos\default1.mp4" />
    <Media Include="testing_videos\far.mp4" />
    <Media Include="testing_videos\veryfar.mp4" />
    <Media Include="testing_videos\verfar2.mp4" />
  </ItemGroup>
</Project>